
Microsoft Visual Studio Solution File, Format Version 12.00
# Visual Studio Version 17
VisualStudioVersion = 17.2.32616.157
MinimumVisualStudioVersion = 10.0.40219.1
Project("{FAE04EC0-301F-11D3-BF4B-00C04F79EFBC}") = "ExceptionsExercise", "ExceptionsExercise\ExceptionsExercise.csproj", "{E56A99B1-B37B-4A9A-9F3B-9319A64E3978}"
EndProject
Global
	GlobalSection(SolutionConfigurationPlatforms) = preSolution
		Debug|Any CPU = Debug|Any CPU
		Release|Any CPU = Release|Any CPU
	EndGlobalSection
	GlobalSection(ProjectConfigurationPlatforms) = postSolution
		{E56A99B1-B37B-4A9A-9F3B-9319A64E3978}.Debug|Any CPU.ActiveCfg = Debug|Any CPU
		{E56A99B1-B37B-4A9A-9F3B-9319A64E3978}.Debug|Any CPU.Build.0 = Debug|Any CPU
		{E56A99B1-B37B-4A9A-9F3B-9319A64E3978}.Release|Any CPU.ActiveCfg = Release|Any CPU
		{E56A99B1-B37B-4A9A-9F3B-9319A64E3978}.Release|Any CPU.Build.0 = Release|Any CPU
	EndGlobalSection
	GlobalSection(SolutionProperties) = preSolution
		HideSolutionNode = FALSE
	EndGlobalSection
	GlobalSection(ExtensibilityGlobals) = postSolution
		SolutionGuid = {1AA095CF-1AA6-40D1-B2C2-4276E4E3EF37}
	EndGlobalSection
EndGlobal
